
Microsoft Visual Studio Solution File, Format Version 12.00
# Visual Studio Version 16
VisualStudioVersion = 16.0.32602.291
MinimumVisualStudioVersion = 10.0.40219.1
Project("{FAE04EC0-301F-11D3-BF4B-00C04F79EFBC}") = "IoTHubQuery", "IoTHubQuery.csproj", "{4BE158D3-13C3-41A0-9473-A8E990591772}"
EndProject
Global
	GlobalSection(SolutionConfigurationPlatforms) = preSolution
		Debug|Any CPU = Debug|Any CPU
		Release|Any CPU = Release|Any CPU
	EndGlobalSection
	GlobalSection(ProjectConfigurationPlatforms) = postSolution
		{4BE158D3-13C3-41A0-9473-A8E990591772}.Debug|Any CPU.ActiveCfg = Debug|Any CPU
		{4BE158D3-13C3-41A0-9473-A8E990591772}.Debug|Any CPU.Build.0 = Debug|Any CPU
		{4BE158D3-13C3-41A0-9473-A8E990591772}.Release|Any CPU.ActiveCfg = Release|Any CPU
		{4BE158D3-13C3-41A0-9473-A8E990591772}.Release|Any CPU.Build.0 = Release|Any CPU
	EndGlobalSection
	GlobalSection(SolutionProperties) = preSolution
		HideSolutionNode = FALSE
	EndGlobalSection
	GlobalSection(ExtensibilityGlobals) = postSolution
		SolutionGuid = {5D287516-9AD2-4E5D-97CD-AC9D0F908AE7}
	EndGlobalSection
EndGlobal
